<?xml version="1.0" encoding="utf-8"?>
<Project ToolsVersion="17.0" xmlns="http://schemas.microsoft.com/developer/msbuild/2003">
  <ItemGroup>
    <CustomBuild Include="C:\Users\dimas\CODE\FLUTTER\pomodoro2\build\windows\CMakeFiles\2f0b9d999788c8d962ac83ffd8606171\INSTALL_force.rule">
      <Filter>CMake Rules</Filter>
    </CustomBuild>
  </ItemGroup>
  <ItemGroup>
    <Filter Include="CMake Rules">
      <UniqueIdentifier>{78E4783C-52F6-32E0-9406-0F09BD334EB3}</UniqueIdentifier>
    </Filter>
  </ItemGroup>
</Project>
